# This file is autogenerated, do not edit; changes may be undone by the next 'dep ensure'.


[[projects]]
  branch = "master"
  name = "github.com/HotelsDotCom/flyte-client"
  packages = [
    "client",
    "flyte",
    "healthcheck"
  ]
  revision = "cfdc49ada2b0afd0e23b8907888f79025c43e3d7"

[[projects]]
  branch = "master"
  name = "github.com/HotelsDotCom/go-logger"
  packages = ["."]
  revision = "802095993e48d184191f20a6c29f1cbe55276e35"

[solve-meta]
  analyzer-name = "dep"
  analyzer-version = 1
  inputs-digest = "cb8bfa397186a4c87d63da79d1e0b8e2edb0d2c939f07eb55f39f59dd83a41f0"
  solver-name = "gps-cdcl"
  solver-version = 1
